{
  "name": "Wikibot",
  "version": "1.0.0",
  "lockfileVersion": 1,
  "requires": true,
  "dependencies": {
    "@types/node": {
      "version": "10.5.6",
      "resolved": "https://registry.npmjs.org/@types/node/-/node-10.5.6.tgz",
      "integrity": "sha512-c5Z1j1ysgo4878ptz6gxLcgMfJ6Wf908R3l5KAGabr0XJ72ZFmOCgsaodPpNYTfp4iOrSwgTDvR/BxbFfB4zPQ=="
    },
    "async": {
      "version": "2.6.1",
      "resolved": "https://registry.npmjs.org/async/-/async-2.6.1.tgz",
      "integrity": "sha512-fNEiL2+AZt6AlAw/29Cr0UDe4sRAHCpEHh54WMz+Bb7QfNcFw4h3loofyJpLeQs4Yx7yuqu/2dLgM5hKOs6HlQ==",
      "requires": {
        "lodash": "^4.17.10"
      }
    },
    "async-limiter": {
      "version": "1.0.0",
      "resolved": "https://registry.npmjs.org/async-limiter/-/async-limiter-1.0.0.tgz",
      "integrity": "sha512-jp/uFnooOiO+L211eZOoSyzpOITMXx1rBITauYykG3BRYPu8h0UcxsPNB04RR5vo4Tyz3+ay17tR6JVf9qzYWg=="
    },
    "asynckit": {
      "version": "0.4.0",
      "resolved": "https://registry.npmjs.org/asynckit/-/asynckit-0.4.0.tgz",
      "integrity": "sha1-x57Zf380y48robyXkLzDZkdLS3k="
    },
    "boolbase": {
      "version": "1.0.0",
      "resolved": "https://registry.npmjs.org/boolbase/-/boolbase-1.0.0.tgz",
      "integrity": "sha1-aN/1++YMUes3cl6p4+0xDcwed24="
    },
    "cheerio": {
      "version": "1.0.0-rc.2",
      "resolved": "https://registry.npmjs.org/cheerio/-/cheerio-1.0.0-rc.2.tgz",
      "integrity": "sha1-S59TqBsn5NXawxwP/Qz6A8xoMNs=",
      "requires": {
        "css-select": "~1.2.0",
        "dom-serializer": "~0.1.0",
        "entities": "~1.1.1",
        "htmlparser2": "^3.9.1",
        "lodash": "^4.15.0",
        "parse5": "^3.0.1"
      }
    },
    "cjopus": {
      "version": "0.0.4",
      "resolved": "https://registry.npmjs.org/cjopus/-/cjopus-0.0.4.tgz",
      "integrity": "sha1-RvPPyWuD99eERt6LTP2ZS1iJqaA="
    },
    "color": {
      "version": "3.0.0",
      "resolved": "https://registry.npmjs.org/color/-/color-3.0.0.tgz",
      "integrity": "sha512-jCpd5+s0s0t7p3pHQKpnJ0TpQKKdleP71LWcA0aqiljpiuAkOSUFN/dyH8ZwF0hRmFlrIuRhufds1QyEP9EB+w==",
      "requires": {
        "color-convert": "^1.9.1",
        "color-string": "^1.5.2"
      }
    },
    "color-convert": {
      "version": "1.9.2",
      "resolved": "https://registry.npmjs.org/color-convert/-/color-convert-1.9.2.tgz",
      "integrity": "sha512-3NUJZdhMhcdPn8vJ9v2UQJoH0qqoGUkYTgFEPZaPjEtwmmKUfNV46zZmgB2M5M4DCEQHMaCfWHCxiBflLm04Tg==",
      "requires": {
        "color-name": "1.1.1"
      }
    },
    "color-name": {
      "version": "1.1.1",
      "resolved": "https://registry.npmjs.org/color-name/-/color-name-1.1.1.tgz",
      "integrity": "sha1-SxQVMEz1ACjqgWQ2Q72C6gWANok="
    },
    "color-string": {
      "version": "1.5.3",
      "resolved": "https://registry.npmjs.org/color-string/-/color-string-1.5.3.tgz",
      "integrity": "sha512-dC2C5qeWoYkxki5UAXapdjqO672AM4vZuPGRQfO8b5HKuKGBbKWpITyDYN7TOFKvRW7kOgAn3746clDBMDJyQw==",
      "requires": {
        "color-name": "^1.0.0",
        "simple-swizzle": "^0.2.2"
      }
    },
    "colornames": {
      "version": "1.1.1",
      "resolved": "https://registry.npmjs.org/colornames/-/colornames-1.1.1.tgz",
      "integrity": "sha1-+IiQMGhcfE/54qVZ9Qd+t2qBb5Y="
    },
    "colors": {
      "version": "1.3.1",
      "resolved": "https://registry.npmjs.org/colors/-/colors-1.3.1.tgz",
      "integrity": "sha512-jg/vxRmv430jixZrC+La5kMbUWqIg32/JsYNZb94+JEmzceYbWKTsv1OuTp+7EaqiaWRR2tPcykibwCRgclIsw=="
    },
    "colorspace": {
      "version": "1.1.1",
      "resolved": "https://registry.npmjs.org/colorspace/-/colorspace-1.1.1.tgz",
      "integrity": "sha512-pI3btWyiuz7Ken0BWh9Elzsmv2bM9AhA7psXib4anUXy/orfZ/E0MbQwhSOG/9L8hLlalqrU0UhOuqxW1YjmVw==",
      "requires": {
        "color": "3.0.x",
        "text-hex": "1.0.x"
      }
    },
    "combined-stream": {
      "version": "1.0.6",
      "resolved": "https://registry.npmjs.org/combined-stream/-/combined-stream-1.0.6.tgz",
      "integrity": "sha1-cj599ugBrFYTETp+RFqbactjKBg=",
      "requires": {
        "delayed-stream": "~1.0.0"
      }
    },
    "component-emitter": {
      "version": "1.2.1",
      "resolved": "https://registry.npmjs.org/component-emitter/-/component-emitter-1.2.1.tgz",
      "integrity": "sha1-E3kY1teCg/ffemt8WmPhQOaUJeY="
    },
    "cookiejar": {
      "version": "2.1.2",
      "resolved": "https://registry.npmjs.org/cookiejar/-/cookiejar-2.1.2.tgz",
      "integrity": "sha512-Mw+adcfzPxcPeI+0WlvRrr/3lGVO0bD75SxX6811cxSh1Wbxx7xZBGK1eVtDf6si8rg2lhnUjsVLMFMfbRIuwA=="
    },
    "core-util-is": {
      "version": "1.0.2",
      "resolved": "https://registry.npmjs.org/core-util-is/-/core-util-is-1.0.2.tgz",
      "integrity": "sha1-tf1UIgqivFq1eqtxQMlAdUUDwac="
    },
    "css-select": {
      "version": "1.2.0",
      "resolved": "https://registry.npmjs.org/css-select/-/css-select-1.2.0.tgz",
      "integrity": "sha1-KzoRBTnFNV8c2NMUYj6HCxIeyFg=",
      "requires": {
        "boolbase": "~1.0.0",
        "css-what": "2.1",
        "domutils": "1.5.1",
        "nth-check": "~1.0.1"
      }
    },
    "css-what": {
      "version": "2.1.0",
      "resolved": "https://registry.npmjs.org/css-what/-/css-what-2.1.0.tgz",
      "integrity": "sha1-lGfQMsOM+u+58teVASUwYvh/ob0="
    },
    "debug": {
      "version": "3.1.0",
      "resolved": "https://registry.npmjs.org/debug/-/debug-3.1.0.tgz",
      "integrity": "sha512-OX8XqP7/1a9cqkxYw2yXss15f26NKWBpDXQd0/uK/KPqdQhxbPa994hnzjcE2VqQpDslf55723cKPUOGSmMY3g==",
      "requires": {
        "ms": "2.0.0"
      }
    },
    "delayed-stream": {
      "version": "1.0.0",
      "resolved": "https://registry.npmjs.org/delayed-stream/-/delayed-stream-1.0.0.tgz",
      "integrity": "sha1-3zrhmayt+31ECqrgsp4icrJOxhk="
    },
    "diagnostics": {
      "version": "1.1.1",
      "resolved": "https://registry.npmjs.org/diagnostics/-/diagnostics-1.1.1.tgz",
      "integrity": "sha512-8wn1PmdunLJ9Tqbx+Fx/ZEuHfJf4NKSN2ZBj7SJC/OWRWha843+WsTjqMe1B5E3p28jqBlp+mJ2fPVxPyNgYKQ==",
      "requires": {
        "colorspace": "1.1.x",
        "enabled": "1.0.x",
        "kuler": "1.0.x"
      }
    },
    "discord.io": {
      "version": "2.5.3",
      "resolved": "https://registry.npmjs.org/discord.io/-/discord.io-2.5.3.tgz",
      "integrity": "sha1-otudqkBXgxpY7Mp177lAt3mdQ18=",
      "requires": {
        "cjopus": "^0.0.4",
        "tweetnacl": "^0.14.0",
        "ws": "^1.1.0"
      }
    },
    "discord.js": {
      "version": "11.3.2",
      "resolved": "https://registry.npmjs.org/discord.js/-/discord.js-11.3.2.tgz",
      "integrity": "sha512-Abw9CTMX3Jb47IeRffqx2VNSnXl/OsTdQzhvbw/JnqCyqc2imAocc7pX2HoRmgKd8CgSqsjBFBneusz/E16e6A==",
      "requires": {
        "long": "^4.0.0",
        "prism-media": "^0.0.2",
        "snekfetch": "^3.6.4",
        "tweetnacl": "^1.0.0",
        "ws": "^4.0.0"
      },
      "dependencies": {
        "tweetnacl": {
          "version": "1.0.0",
          "resolved": "https://registry.npmjs.org/tweetnacl/-/tweetnacl-1.0.0.tgz",
          "integrity": "sha1-cT2LgY2kIGh0C/aDhtBHnmb8ins="
        },
        "ws": {
          "version": "4.1.0",
          "resolved": "https://registry.npmjs.org/ws/-/ws-4.1.0.tgz",
          "integrity": "sha512-ZGh/8kF9rrRNffkLFV4AzhvooEclrOH0xaugmqGsIfFgOE/pIz4fMc4Ef+5HSQqTEug2S9JZIWDR47duDSLfaA==",
          "requires": {
            "async-limiter": "~1.0.0",
            "safe-buffer": "~5.1.0"
          }
        }
      }
    },
    "dom-serializer": {
      "version": "0.1.0",
      "resolved": "https://registry.npmjs.org/dom-serializer/-/dom-serializer-0.1.0.tgz",
      "integrity": "sha1-BzxpdUbOB4DOI75KKOKT5AvDDII=",
      "requires": {
        "domelementtype": "~1.1.1",
        "entities": "~1.1.1"
      },
      "dependencies": {
        "domelementtype": {
          "version": "1.1.3",
          "resolved": "https://registry.npmjs.org/domelementtype/-/domelementtype-1.1.3.tgz",
          "integrity": "sha1-vSh3PiZCiBrsUVRJJCmcXNgiGFs="
        }
      }
    },
    "domelementtype": {
      "version": "1.3.0",
      "resolved": "https://registry.npmjs.org/domelementtype/-/domelementtype-1.3.0.tgz",
      "integrity": "sha1-sXrtguirWeUt2cGbF1bg/BhyBMI="
    },
    "domhandler": {
      "version": "2.4.2",
      "resolved": "https://registry.npmjs.org/domhandler/-/domhandler-2.4.2.tgz",
      "integrity": "sha512-JiK04h0Ht5u/80fdLMCEmV4zkNh2BcoMFBmZ/91WtYZ8qVXSKjiw7fXMgFPnHcSZgOo3XdinHvmnDUeMf5R4wA==",
      "requires": {
        "domelementtype": "1"
      }
    },
    "domutils": {
      "version": "1.5.1",
      "resolved": "https://registry.npmjs.org/domutils/-/domutils-1.5.1.tgz",
      "integrity": "sha1-3NhIiib1Y9YQeeSMn3t+Mjc2gs8=",
      "requires": {
        "dom-serializer": "0",
        "domelementtype": "1"
      }
    },
    "enabled": {
      "version": "1.0.2",
      "resolved": "https://registry.npmjs.org/enabled/-/enabled-1.0.2.tgz",
      "integrity": "sha1-ll9lE9LC0cX0ZStkouM5ZGf8L5M=",
      "requires": {
        "env-variable": "0.0.x"
      }
    },
    "entities": {
      "version": "1.1.1",
      "resolved": "https://registry.npmjs.org/entities/-/entities-1.1.1.tgz",
      "integrity": "sha1-blwtClYhtdra7O+AuQ7ftc13cvA="
    },
    "env-variable": {
      "version": "0.0.4",
      "resolved": "https://registry.npmjs.org/env-variable/-/env-variable-0.0.4.tgz",
      "integrity": "sha512-+jpGxSWG4vr6gVxUHOc4p+ilPnql7NzZxOZBxNldsKGjCF+97df3CbuX7XMaDa5oAVkKQj4rKp38rYdC4VcpDg=="
    },
    "extend": {
      "version": "3.0.2",
      "resolved": "https://registry.npmjs.org/extend/-/extend-3.0.2.tgz",
      "integrity": "sha512-fjquC59cD7CyW6urNXK0FBufkZcoiGG80wTuPujX590cB5Ttln20E2UB4S/WARVqhXffZl2LNgS+gQdPIIim/g=="
    },
    "fast-safe-stringify": {
      "version": "2.0.5",
      "resolved": "https://registry.npmjs.org/fast-safe-stringify/-/fast-safe-stringify-2.0.5.tgz",
      "integrity": "sha512-QHbbCj2PmRSMNL9P7EuNBCeNXO06/E3t3XyQgb32AZul8wLmRa1Wbt2cm7GeUsX9OZGyXTQxMYcPOEBqARyhNw=="
    },
    "fecha": {
      "version": "2.3.3",
      "resolved": "https://registry.npmjs.org/fecha/-/fecha-2.3.3.tgz",
      "integrity": "sha512-lUGBnIamTAwk4znq5BcqsDaxSmZ9nDVJaij6NvRt/Tg4R69gERA+otPKbS86ROw9nxVMw2/mp1fnaiWqbs6Sdg=="
    },
    "form-data": {
      "version": "2.3.2",
      "resolved": "https://registry.npmjs.org/form-data/-/form-data-2.3.2.tgz",
      "integrity": "sha1-SXBJi+YEwgwAXU9cI67NIda0kJk=",
      "requires": {
        "asynckit": "^0.4.0",
        "combined-stream": "1.0.6",
        "mime-types": "^2.1.12"
      }
    },
    "formidable": {
      "version": "1.2.1",
      "resolved": "https://registry.npmjs.org/formidable/-/formidable-1.2.1.tgz",
      "integrity": "sha512-Fs9VRguL0gqGHkXS5GQiMCr1VhZBxz0JnJs4JmMp/2jL18Fmbzvv7vOFRU+U8TBkHEE/CX1qDXzJplVULgsLeg=="
    },
    "htmlparser2": {
      "version": "3.9.2",
      "resolved": "https://registry.npmjs.org/htmlparser2/-/htmlparser2-3.9.2.tgz",
      "integrity": "sha1-G9+HrMoPP55T+k/M6w9LTLsAszg=",
      "requires": {
        "domelementtype": "^1.3.0",
        "domhandler": "^2.3.0",
        "domutils": "^1.5.1",
        "entities": "^1.1.1",
        "inherits": "^2.0.1",
        "readable-stream": "^2.0.2"
      }
    },
    "inherits": {
      "version": "2.0.3",
      "resolved": "https://registry.npmjs.org/inherits/-/inherits-2.0.3.tgz",
      "integrity": "sha1-Yzwsg+PaQqUC9SRmAiSA9CCCYd4="
    },
    "is-arrayish": {
      "version": "0.3.2",
      "resolved": "https://registry.npmjs.org/is-arrayish/-/is-arrayish-0.3.2.tgz",
      "integrity": "sha512-eVRqCvVlZbuw3GrM63ovNSNAeA1K16kaR/LRY/92w0zxQ5/1YzwblUX652i4Xs9RwAGjW9d9y6X88t8OaAJfWQ=="
    },
    "is-stream": {
      "version": "1.1.0",
      "resolved": "https://registry.npmjs.org/is-stream/-/is-stream-1.1.0.tgz",
      "integrity": "sha1-EtSj3U5o4Lec6428hBc66A2RykQ="
    },
    "isarray": {
      "version": "1.0.0",
      "resolved": "https://registry.npmjs.org/isarray/-/isarray-1.0.0.tgz",
      "integrity": "sha1-u5NdSFgsuhaMBoNJV6VKPgcSTxE="
    },
    "kuler": {
      "version": "1.0.0",
      "resolved": "https://registry.npmjs.org/kuler/-/kuler-1.0.0.tgz",
      "integrity": "sha512-oyy6pu/yWRjiVfCoJebNUKFL061sNtrs9ejKTbirIwY3oiHmENVCSkHhxDV85Dkm7JYR/czMCBeoM87WilTdSg==",
      "requires": {
        "colornames": "^1.1.1"
      }
    },
    "lodash": {
      "version": "4.17.10",
      "resolved": "https://registry.npmjs.org/lodash/-/lodash-4.17.10.tgz",
      "integrity": "sha512-UejweD1pDoXu+AD825lWwp4ZGtSwgnpZxb3JDViD7StjQz+Nb/6l093lx4OQ0foGWNRoc19mWy7BzL+UAK2iVg=="
    },
    "logform": {
      "version": "1.9.1",
      "resolved": "https://registry.npmjs.org/logform/-/logform-1.9.1.tgz",
      "integrity": "sha512-ZHrZE8VSf7K3xKxJiQ1aoTBp2yK+cEbFcgarsjzI3nt3nE/3O0heNSppoOQMUJVMZo/xiVwCxiXIabaZApsKNQ==",
      "requires": {
        "colors": "^1.2.1",
        "fast-safe-stringify": "^2.0.4",
        "fecha": "^2.3.3",
        "ms": "^2.1.1",
        "triple-beam": "^1.2.0"
      },
      "dependencies": {
        "ms": {
          "version": "2.1.1",
          "resolved": "https://registry.npmjs.org/ms/-/ms-2.1.1.tgz",
          "integrity": "sha512-tgp+dl5cGk28utYktBsrFqA7HKgrhgPsg6Z/EfhWI4gl1Hwq8B/GmY/0oXZ6nF8hDVesS/FpnYaD/kOWhYQvyg=="
        }
      }
    },
    "long": {
      "version": "4.0.0",
      "resolved": "https://registry.npmjs.org/long/-/long-4.0.0.tgz",
      "integrity": "sha512-XsP+KhQif4bjX1kbuSiySJFNAehNxgLb6hPRGJ9QsUr8ajHkuXGdrHmFUTUUXhDwVX2R5bY4JNZEwbUiMhV+MA=="
    },
    "methods": {
      "version": "1.1.2",
      "resolved": "https://registry.npmjs.org/methods/-/methods-1.1.2.tgz",
      "integrity": "sha1-VSmk1nZUE07cxSZmVoNbD4Ua/O4="
    },
    "mime": {
      "version": "1.6.0",
      "resolved": "https://registry.npmjs.org/mime/-/mime-1.6.0.tgz",
      "integrity": "sha512-x0Vn8spI+wuJ1O6S7gnbaQg8Pxh4NNHb7KSINmEWKiPE4RKOplvijn+NkmYmmRgP68mc70j2EbeTFRsrswaQeg=="
    },
    "mime-db": {
      "version": "1.35.0",
      "resolved": "https://registry.npmjs.org/mime-db/-/mime-db-1.35.0.tgz",
      "integrity": "sha512-JWT/IcCTsB0Io3AhWUMjRqucrHSPsSf2xKLaRldJVULioggvkJvggZ3VXNNSRkCddE6D+BUI4HEIZIA2OjwIvg=="
    },
    "mime-types": {
      "version": "2.1.19",
      "resolved": "https://registry.npmjs.org/mime-types/-/mime-types-2.1.19.tgz",
      "integrity": "sha512-P1tKYHVSZ6uFo26mtnve4HQFE3koh1UWVkp8YUC+ESBHe945xWSoXuHHiGarDqcEZ+whpCDnlNw5LON0kLo+sw==",
      "requires": {
        "mime-db": "~1.35.0"
      }
    },
    "ms": {
      "version": "2.0.0",
      "resolved": "https://registry.npmjs.org/ms/-/ms-2.0.0.tgz",
      "integrity": "sha1-VgiurfwAvmwpAd9fmGF4jeDVl8g="
    },
    "nth-check": {
      "version": "1.0.1",
      "resolved": "https://registry.npmjs.org/nth-check/-/nth-check-1.0.1.tgz",
      "integrity": "sha1-mSms32KPwsQQmN6rgqxYDPFJquQ=",
      "requires": {
        "boolbase": "~1.0.0"
      }
    },
    "one-time": {
      "version": "0.0.4",
      "resolved": "https://registry.npmjs.org/one-time/-/one-time-0.0.4.tgz",
      "integrity": "sha1-+M33eISCb+Tf+T46nMN7HkSAdC4="
    },
    "options": {
      "version": "0.0.6",
      "resolved": "https://registry.npmjs.org/options/-/options-0.0.6.tgz",
      "integrity": "sha1-7CLTEoBrtT5zF3Pnza788cZDEo8="
    },
    "parse5": {
      "version": "3.0.3",
      "resolved": "https://registry.npmjs.org/parse5/-/parse5-3.0.3.tgz",
      "integrity": "sha512-rgO9Zg5LLLkfJF9E6CCmXlSE4UVceloys8JrFqCcHloC3usd/kJCyPDwH2SOlzix2j3xaP9sUX3e8+kvkuleAA==",
      "requires": {
        "@types/node": "*"
      }
    },
    "prism-media": {
      "version": "0.0.2",
      "resolved": "https://registry.npmjs.org/prism-media/-/prism-media-0.0.2.tgz",
      "integrity": "sha512-L6yc8P5NVG35ivzvfI7bcTYzqFV+K8gTfX9YaJbmIFfMXTs71RMnAupvTQPTCteGsiOy9QcNLkQyWjAafY/hCQ=="
    },
    "process-nextick-args": {
      "version": "2.0.0",
      "resolved": "https://registry.npmjs.org/process-nextick-args/-/process-nextick-args-2.0.0.tgz",
      "integrity": "sha512-MtEC1TqN0EU5nephaJ4rAtThHtC86dNN9qCuEhtshvpVBkAW5ZO7BASN9REnF9eoXGcRub+pFuKEpOHE+HbEMw=="
    },
    "qs": {
      "version": "6.5.2",
      "resolved": "https://registry.npmjs.org/qs/-/qs-6.5.2.tgz",
      "integrity": "sha512-N5ZAX4/LxJmF+7wN74pUD6qAh9/wnvdQcjq9TZjevvXzSUo7bfmw91saqMjzGS2xq91/odN2dW/WOl7qQHNDGA=="
    },
    "readable-stream": {
      "version": "2.3.6",
      "resolved": "https://registry.npmjs.org/readable-stream/-/readable-stream-2.3.6.tgz",
      "integrity": "sha512-tQtKA9WIAhBF3+VLAseyMqZeBjW0AHJoxOtYqSUZNJxauErmLbVm2FW1y+J/YA9dUrAC39ITejlZWhVIwawkKw==",
      "requires": {
        "core-util-is": "~1.0.0",
        "inherits": "~2.0.3",
        "isarray": "~1.0.0",
        "process-nextick-args": "~2.0.0",
        "safe-buffer": "~5.1.1",
        "string_decoder": "~1.1.1",
        "util-deprecate": "~1.0.1"
      }
    },
    "safe-buffer": {
      "version": "5.1.2",
      "resolved": "https://registry.npmjs.org/safe-buffer/-/safe-buffer-5.1.2.tgz",
      "integrity": "sha512-Gd2UZBJDkXlY7GbJxfsE8/nvKkUEU1G38c1siN6QP6a9PT9MmHB8GnpscSmMJSoF8LOIrt8ud/wPtojys4G6+g=="
    },
    "simple-swizzle": {
      "version": "0.2.2",
      "resolved": "https://registry.npmjs.org/simple-swizzle/-/simple-swizzle-0.2.2.tgz",
      "integrity": "sha1-pNprY1/8zMoz9w0Xy5JZLeleVXo=",
      "requires": {
        "is-arrayish": "^0.3.1"
      }
    },
    "snekfetch": {
      "version": "3.6.4",
      "resolved": "https://registry.npmjs.org/snekfetch/-/snekfetch-3.6.4.tgz",
      "integrity": "sha512-NjxjITIj04Ffqid5lqr7XdgwM7X61c/Dns073Ly170bPQHLm6jkmelye/eglS++1nfTWktpP6Y2bFXjdPlQqdw=="
    },
    "stack-trace": {
      "version": "0.0.10",
      "resolved": "https://registry.npmjs.org/stack-trace/-/stack-trace-0.0.10.tgz",
      "integrity": "sha1-VHxws0fo0ytOEI6hoqFZ5f3eGcA="
    },
    "string_decoder": {
      "version": "1.1.1",
      "resolved": "https://registry.npmjs.org/string_decoder/-/string_decoder-1.1.1.tgz",
      "integrity": "sha512-n/ShnvDi6FHbbVfviro+WojiFzv+s8MPMHBczVePfUpDJLwoLT0ht1l4YwBCbi8pJAveEEdnkHyPyTP/mzRfwg==",
      "requires": {
        "safe-buffer": "~5.1.0"
      }
    },
    "superagent": {
      "version": "3.8.3",
      "resolved": "https://registry.npmjs.org/superagent/-/superagent-3.8.3.tgz",
      "integrity": "sha512-GLQtLMCoEIK4eDv6OGtkOoSMt3D+oq0y3dsxMuYuDvaNUvuT8eFBuLmfR0iYYzHC1e8hpzC6ZsxbuP6DIalMFA==",
      "requires": {
        "component-emitter": "^1.2.0",
        "cookiejar": "^2.1.0",
        "debug": "^3.1.0",
        "extend": "^3.0.0",
        "form-data": "^2.3.1",
        "formidable": "^1.2.0",
        "methods": "^1.1.1",
        "mime": "^1.4.1",
        "qs": "^6.5.1",
        "readable-stream": "^2.3.5"
      }
    },
    "text-hex": {
      "version": "1.0.0",
      "resolved": "https://registry.npmjs.org/text-hex/-/text-hex-1.0.0.tgz",
      "integrity": "sha512-uuVGNWzgJ4yhRaNSiubPY7OjISw4sw4E5Uv0wbjp+OzcbmVU/rsT8ujgcXJhn9ypzsgr5vlzpPqP+MBBKcGvbg=="
    },
    "triple-beam": {
      "version": "1.3.0",
      "resolved": "https://registry.npmjs.org/triple-beam/-/triple-beam-1.3.0.tgz",
      "integrity": "sha512-XrHUvV5HpdLmIj4uVMxHggLbFSZYIn7HEWsqePZcI50pco+MPqJ50wMGY794X7AOOhxOBAjbkqfAbEe/QMp2Lw=="
    },
    "tweetnacl": {
      "version": "0.14.5",
      "resolved": "https://registry.npmjs.org/tweetnacl/-/tweetnacl-0.14.5.tgz",
      "integrity": "sha1-WuaBd/GS1EViadEIr6k/+HQ/T2Q="
    },
    "ultron": {
      "version": "1.0.2",
      "resolved": "https://registry.npmjs.org/ultron/-/ultron-1.0.2.tgz",
      "integrity": "sha1-rOEWq1V80Zc4ak6I9GhTeMiy5Po="
    },
    "util-deprecate": {
      "version": "1.0.2",
      "resolved": "https://registry.npmjs.org/util-deprecate/-/util-deprecate-1.0.2.tgz",
      "integrity": "sha1-RQ1Nyfpw3nMnYvvS1KKJgUGaDM8="
    },
    "wikiquote": {
      "version": "0.4.4",
      "resolved": "https://registry.npmjs.org/wikiquote/-/wikiquote-0.4.4.tgz",
      "integrity": "sha1-c+Sj5a+pE4FmtoXse2djXcv9Sqo=",
      "requires": {
        "cheerio": "^1.0.0-rc.2",
        "superagent": "^3.8.3"
      }
    },
    "winston": {
      "version": "3.0.0",
      "resolved": "https://registry.npmjs.org/winston/-/winston-3.0.0.tgz",
      "integrity": "sha512-7QyfOo1PM5zGL6qma6NIeQQMh71FBg/8fhkSAePqtf5YEi6t+UrPDcUuHhuuUasgso49ccvMEsmqr0GBG2qaMQ==",
      "requires": {
        "async": "^2.6.0",
        "diagnostics": "^1.0.1",
        "is-stream": "^1.1.0",
        "logform": "^1.9.0",
        "one-time": "0.0.4",
        "readable-stream": "^2.3.6",
        "stack-trace": "0.0.x",
        "triple-beam": "^1.3.0",
        "winston-transport": "^4.2.0"
      }
    },
    "winston-transport": {
      "version": "4.2.0",
      "resolved": "https://registry.npmjs.org/winston-transport/-/winston-transport-4.2.0.tgz",
      "integrity": "sha512-0R1bvFqxSlK/ZKTH86nymOuKv/cT1PQBMuDdA7k7f0S9fM44dNH6bXnuxwXPrN8lefJgtZq08BKdyZ0DZIy/rg==",
      "requires": {
        "readable-stream": "^2.3.6",
        "triple-beam": "^1.2.0"
      }
    },
    "ws": {
      "version": "1.1.5",
      "resolved": "https://registry.npmjs.org/ws/-/ws-1.1.5.tgz",
      "integrity": "sha512-o3KqipXNUdS7wpQzBHSe180lBGO60SoK0yVo3CYJgb2MkobuWuBX6dhkYP5ORCLd55y+SaflMOV5fqAB53ux4w==",
      "requires": {
        "options": ">=0.0.5",
        "ultron": "1.0.x"
      }
    }
  }
}
